
Microsoft Visual Studio Solution File, Format Version 12.00
# Visual Studio Version 16
VisualStudioVersion = 16.0.34114.132
MinimumVisualStudioVersion = 10.0.40219.1
Project("{FAE04EC0-301F-11D3-BF4B-00C04F79EFBC}") = "Tyuiu.DreminIa.Sprint5.Task4.V16", "Tyuiu.DreminIa.Sprint5.Task4.V16\Tyuiu.DreminIa.Sprint5.Task4.V16.csproj", "{13E7EBD2-9DE1-4E75-86F4-BA7FC809139E}"
EndProject
Project("{FAE04EC0-301F-11D3-BF4B-00C04F79EFBC}") = "Tyuiu.DreminIa.Sprint5.Task4.V16.Lib", "Tyuiu.DreminIa.Sprint5.Task4.V16.Lib\Tyuiu.DreminIa.Sprint5.Task4.V16.Lib.csproj", "{0C95A5BA-2745-4631-B636-051C799B3741}"
EndProject
Project("{FAE04EC0-301F-11D3-BF4B-00C04F79EFBC}") = "Tyuiu.DreminIa.Sprint5.Task4.V16.Test", "Tyuiu.DreminIa.Sprint5.Task4.V16.Test\Tyuiu.DreminIa.Sprint5.Task4.V16.Test.csproj", "{4885A0D1-F9E5-4CFB-8632-DC599265CDA0}"
EndProject
Project("{FAE04EC0-301F-11D3-BF4B-00C04F79EFBC}") = "Tyuiu.DreminIa.Sprint5.Task5.V16", "Tyuiu.DreminIa.Sprint5.Task5.V16\Tyuiu.DreminIa.Sprint5.Task5.V16.csproj", "{23125E67-CF61-4C2A-9B70-4BFF3320753C}"
EndProject
Project("{FAE04EC0-301F-11D3-BF4B-00C04F79EFBC}") = "Tyuiu.DreminIa.Sprint5.Task5.V16.Lib", "Tyuiu.DreminIa.Sprint5.Task5.V16.Lib\Tyuiu.DreminIa.Sprint5.Task5.V16.Lib.csproj", "{EB56EAAB-B94A-4D7B-8E96-B1ED55955C61}"
EndProject
Project("{FAE04EC0-301F-11D3-BF4B-00C04F79EFBC}") = "Tyuiu.DreminIa.Sprint5.Task5.V16.Test", "Tyuiu.DreminIa.Sprint5.Task5.V16.Test\Tyuiu.DreminIa.Sprint5.Task5.V16.Test.csproj", "{9D8042E0-7D4C-41EB-B2C7-DB62804D9305}"
EndProject
Project("{FAE04EC0-301F-11D3-BF4B-00C04F79EFBC}") = "Tyuiu.DreminIa.Sprint5.Task6.V14", "Tyuiu.DreminIa.Sprint5.Task6.V14\Tyuiu.DreminIa.Sprint5.Task6.V14.csproj", "{29A18060-56A3-42DA-9DA0-3D9FB102D62D}"
EndProject
Project("{FAE04EC0-301F-11D3-BF4B-00C04F79EFBC}") = "Tyuiu.DreminIa.Sprint5.Task6.V14.Lib", "Tyuiu.DreminIa.Sprint5.Task6.V14.Lib\Tyuiu.DreminIa.Sprint5.Task6.V14.Lib.csproj", "{9FD15068-7E3D-43AE-B022-8C7958BE9EF6}"
EndProject
Project("{FAE04EC0-301F-11D3-BF4B-00C04F79EFBC}") = "Tyuiu.DreminIa.Sprint5.Task6.V14.Test", "Tyuiu.DreminIa.Sprint5.Task6.V14.Test\Tyuiu.DreminIa.Sprint5.Task6.V14.Test.csproj", "{5DA05B2B-F6C9-4D7C-B661-2523BEA60AF6}"
EndProject
Project("{FAE04EC0-301F-11D3-BF4B-00C04F79EFBC}") = "Tyuiu.DreminIa.Sprint5.Task7.V13", "Tyuiu.DreminIa.Sprint5.Task7.V13\Tyuiu.DreminIa.Sprint5.Task7.V13.csproj", "{8F4EA6EB-8B60-4C17-B66F-0A27B7BCD82F}"
EndProject
Project("{FAE04EC0-301F-11D3-BF4B-00C04F79EFBC}") = "Tyuiu.DreminIa.Sprint5.Task7.V13.Lib", "Tyuiu.DreminIa.Sprint5.Task7.V13.Lib\Tyuiu.DreminIa.Sprint5.Task7.V13.Lib.csproj", "{6C72ED7C-1332-4766-9332-E14C649409CD}"
EndProject
Project("{FAE04EC0-301F-11D3-BF4B-00C04F79EFBC}") = "Tyuiu.DreminIa.Sprint5.Task7.V13.Test", "Tyuiu.DreminIa.Sprint5.Task7.V13.Test\Tyuiu.DreminIa.Sprint5.Task7.V13.Test.csproj", "{3FB9FBE6-EADB-41A9-9227-13942D5049C5}"
EndProject
Project("{FAE04EC0-301F-11D3-BF4B-00C04F79EFBC}") = "Tyuiu.DreminIa.Sprint5.Task0.V4", "Tyuiu.DreminIa.Sprint5.Task0.V4\Tyuiu.DreminIa.Sprint5.Task0.V4.csproj", "{0B984069-6BA4-42DE-ABC0-FD77BC718162}"
EndProject
Project("{FAE04EC0-301F-11D3-BF4B-00C04F79EFBC}") = "Tyuiu.DreminIa.Sprint5.Task1.V28", "Tyuiu.DreminIa.Sprint5.Task1.V28\Tyuiu.DreminIa.Sprint5.Task1.V28.csproj", "{31266866-D245-4548-8005-14AB43C6B1EF}"
EndProject
Project("{FAE04EC0-301F-11D3-BF4B-00C04F79EFBC}") = "Tyuiu.DreminIa.Sprint5.Task2.V16", "Tyuiu.DreminIa.Sprint5.Task2.V16\Tyuiu.DreminIa.Sprint5.Task2.V16.csproj", "{0B3ABDB1-8F1D-4ECD-B987-29B3E1393EA5}"
EndProject
Project("{FAE04EC0-301F-11D3-BF4B-00C04F79EFBC}") = "Tyuiu.DreminIa.Sprint5.Task3.V29", "Tyuiu.DreminIa.Sprint5.Task3.V29\Tyuiu.DreminIa.Sprint5.Task3.V29.csproj", "{1B22E686-E302-432B-BCC9-28F7CACCBA3D}"
EndProject
Project("{FAE04EC0-301F-11D3-BF4B-00C04F79EFBC}") = "Tyuiu.DreminIa.Sprint5.Task0.V4.Lib", "Tyuiu.DreminIa.Sprint5.Task0.V4.Lib\Tyuiu.DreminIa.Sprint5.Task0.V4.Lib.csproj", "{F0DC843D-22C5-422D-A331-9E7ABBF87D61}"
EndProject
Project("{FAE04EC0-301F-11D3-BF4B-00C04F79EFBC}") = "Tyuiu.DreminIa.Sprint5.Task1.V28.Lib", "Tyuiu.DreminIa.Sprint5.Task1.V28.Lib\Tyuiu.DreminIa.Sprint5.Task1.V28.Lib.csproj", "{AF712DFF-F874-40D9-A13D-ABD20154C92E}"
EndProject
Project("{FAE04EC0-301F-11D3-BF4B-00C04F79EFBC}") = "Tyuiu.DreminIa.Sprint5.Task2.V16.Lib", "Tyuiu.DreminIa.Sprint5.Task2.V16.Lib\Tyuiu.DreminIa.Sprint5.Task2.V16.Lib.csproj", "{DCF92993-ECD4-4F0A-8970-DE4589188D1C}"
EndProject
Project("{FAE04EC0-301F-11D3-BF4B-00C04F79EFBC}") = "Tyuiu.DreminIa.Sprint5.Task3.V16.Lib", "Tyuiu.DreminIa.Sprint5.Task3.V16.Lib\Tyuiu.DreminIa.Sprint5.Task3.V16.Lib.csproj", "{BF356688-F3BC-493A-9B8C-C32F39B706E9}"
EndProject
Project("{FAE04EC0-301F-11D3-BF4B-00C04F79EFBC}") = "Tyuiu.DreminIa.Sprint5.Task0.V4.Test", "Tyuiu.DreminIa.Sprint5.Task0.V4.Test\Tyuiu.DreminIa.Sprint5.Task0.V4.Test.csproj", "{D9C0F525-77B4-41DB-BA28-B54D14C1ECFE}"
EndProject
Project("{FAE04EC0-301F-11D3-BF4B-00C04F79EFBC}") = "Tyuiu.DreminIa.Sprint5.Task1.V28.Test", "Tyuiu.DreminIa.Sprint5.Task1.V28.Test\Tyuiu.DreminIa.Sprint5.Task1.V28.Test.csproj", "{88747B0D-4BBC-4E85-BE0F-D0882E39E1D3}"
EndProject
Project("{FAE04EC0-301F-11D3-BF4B-00C04F79EFBC}") = "Tyuiu.DreminIa.Sprint5.Task2.V16.Test", "Tyuiu.DreminIa.Sprint5.Task2.V16.Test\Tyuiu.DreminIa.Sprint5.Task2.V16.Test.csproj", "{3954073C-238D-4549-AB03-4B5D8E57F215}"
EndProject
Project("{FAE04EC0-301F-11D3-BF4B-00C04F79EFBC}") = "Tyuiu.DreminIa.Sprint5.Task3.V29.Test", "Tyuiu.DreminIa.Sprint5.Task3.V29.Test\Tyuiu.DreminIa.Sprint5.Task3.V29.Test.csproj", "{A0429D4B-9B28-4D30-BCF9-C9C96D73CD8E}"
EndProject
Global
	GlobalSection(SolutionConfigurationPlatforms) = preSolution
		Debug|Any CPU = Debug|Any CPU
		Release|Any CPU = Release|Any CPU
	EndGlobalSection
	GlobalSection(ProjectConfigurationPlatforms) = postSolution
		{13E7EBD2-9DE1-4E75-86F4-BA7FC809139E}.Debug|Any CPU.ActiveCfg = Debug|Any CPU
		{13E7EBD2-9DE1-4E75-86F4-BA7FC809139E}.Debug|Any CPU.Build.0 = Debug|Any CPU
		{13E7EBD2-9DE1-4E75-86F4-BA7FC809139E}.Release|Any CPU.ActiveCfg = Release|Any CPU
		{13E7EBD2-9DE1-4E75-86F4-BA7FC809139E}.Release|Any CPU.Build.0 = Release|Any CPU
		{0C95A5BA-2745-4631-B636-051C799B3741}.Debug|Any CPU.ActiveCfg = Debug|Any CPU
		{0C95A5BA-2745-4631-B636-051C799B3741}.Debug|Any CPU.Build.0 = Debug|Any CPU
		{0C95A5BA-2745-4631-B636-051C799B3741}.Release|Any CPU.ActiveCfg = Release|Any CPU
		{0C95A5BA-2745-4631-B636-051C799B3741}.Release|Any CPU.Build.0 = Release|Any CPU
		{4885A0D1-F9E5-4CFB-8632-DC599265CDA0}.Debug|Any CPU.ActiveCfg = Debug|Any CPU
		{4885A0D1-F9E5-4CFB-8632-DC599265CDA0}.Debug|Any CPU.Build.0 = Debug|Any CPU
		{4885A0D1-F9E5-4CFB-8632-DC599265CDA0}.Release|Any CPU.ActiveCfg = Release|Any CPU
		{4885A0D1-F9E5-4CFB-8632-DC599265CDA0}.Release|Any CPU.Build.0 = Release|Any CPU
		{23125E67-CF61-4C2A-9B70-4BFF3320753C}.Debug|Any CPU.ActiveCfg = Debug|Any CPU
		{23125E67-CF61-4C2A-9B70-4BFF3320753C}.Debug|Any CPU.Build.0 = Debug|Any CPU
		{23125E67-CF61-4C2A-9B70-4BFF3320753C}.Release|Any CPU.ActiveCfg = Release|Any CPU
		{23125E67-CF61-4C2A-9B70-4BFF3320753C}.Release|Any CPU.Build.0 = Release|Any CPU
		{EB56EAAB-B94A-4D7B-8E96-B1ED55955C61}.Debug|Any CPU.ActiveCfg = Debug|Any CPU
		{EB56EAAB-B94A-4D7B-8E96-B1ED55955C61}.Debug|Any CPU.Build.0 = Debug|Any CPU
		{EB56EAAB-B94A-4D7B-8E96-B1ED55955C61}.Release|Any CPU.ActiveCfg = Release|Any CPU
		{EB56EAAB-B94A-4D7B-8E96-B1ED55955C61}.Release|Any CPU.Build.0 = Release|Any CPU
		{9D8042E0-7D4C-41EB-B2C7-DB62804D9305}.Debug|Any CPU.ActiveCfg = Debug|Any CPU
		{9D8042E0-7D4C-41EB-B2C7-DB62804D9305}.Debug|Any CPU.Build.0 = Debug|Any CPU
		{9D8042E0-7D4C-41EB-B2C7-DB62804D9305}.Release|Any CPU.ActiveCfg = Release|Any CPU
		{9D8042E0-7D4C-41EB-B2C7-DB62804D9305}.Release|Any CPU.Build.0 = Release|Any CPU
		{29A18060-56A3-42DA-9DA0-3D9FB102D62D}.Debug|Any CPU.ActiveCfg = Debug|Any CPU
		{29A18060-56A3-42DA-9DA0-3D9FB102D62D}.Debug|Any CPU.Build.0 = Debug|Any CPU
		{29A18060-56A3-42DA-9DA0-3D9FB102D62D}.Release|Any CPU.ActiveCfg = Release|Any CPU
		{29A18060-56A3-42DA-9DA0-3D9FB102D62D}.Release|Any CPU.Build.0 = Release|Any CPU
		{9FD15068-7E3D-43AE-B022-8C7958BE9EF6}.Debug|Any CPU.ActiveCfg = Debug|Any CPU
		{9FD15068-7E3D-43AE-B022-8C7958BE9EF6}.Debug|Any CPU.Build.0 = Debug|Any CPU
		{9FD15068-7E3D-43AE-B022-8C7958BE9EF6}.Release|Any CPU.ActiveCfg = Release|Any CPU
		{9FD15068-7E3D-43AE-B022-8C7958BE9EF6}.Release|Any CPU.Build.0 = Release|Any CPU
		{5DA05B2B-F6C9-4D7C-B661-2523BEA60AF6}.Debug|Any CPU.ActiveCfg = Debug|Any CPU
		{5DA05B2B-F6C9-4D7C-B661-2523BEA60AF6}.Debug|Any CPU.Build.0 = Debug|Any CPU
		{5DA05B2B-F6C9-4D7C-B661-2523BEA60AF6}.Release|Any CPU.ActiveCfg = Release|Any CPU
		{5DA05B2B-F6C9-4D7C-B661-2523BEA60AF6}.Release|Any CPU.Build.0 = Release|Any CPU
		{8F4EA6EB-8B60-4C17-B66F-0A27B7BCD82F}.Debug|Any CPU.ActiveCfg = Debug|Any CPU
		{8F4EA6EB-8B60-4C17-B66F-0A27B7BCD82F}.Debug|Any CPU.Build.0 = Debug|Any CPU
		{8F4EA6EB-8B60-4C17-B66F-0A27B7BCD82F}.Release|Any CPU.ActiveCfg = Release|Any CPU
		{8F4EA6EB-8B60-4C17-B66F-0A27B7BCD82F}.Release|Any CPU.Build.0 = Release|Any CPU
		{6C72ED7C-1332-4766-9332-E14C649409CD}.Debug|Any CPU.ActiveCfg = Debug|Any CPU
		{6C72ED7C-1332-4766-9332-E14C649409CD}.Debug|Any CPU.Build.0 = Debug|Any CPU
		{6C72ED7C-1332-4766-9332-E14C649409CD}.Release|Any CPU.ActiveCfg = Release|Any CPU
		{6C72ED7C-1332-4766-9332-E14C649409CD}.Release|Any CPU.Build.0 = Release|Any CPU
		{3FB9FBE6-EADB-41A9-9227-13942D5049C5}.Debug|Any CPU.ActiveCfg = Debug|Any CPU
		{3FB9FBE6-EADB-41A9-9227-13942D5049C5}.Debug|Any CPU.Build.0 = Debug|Any CPU
		{3FB9FBE6-EADB-41A9-9227-13942D5049C5}.Release|Any CPU.ActiveCfg = Release|Any CPU
		{3FB9FBE6-EADB-41A9-9227-13942D5049C5}.Release|Any CPU.Build.0 = Release|Any CPU
		{0B984069-6BA4-42DE-ABC0-FD77BC718162}.Debug|Any CPU.ActiveCfg = Debug|Any CPU
		{0B984069-6BA4-42DE-ABC0-FD77BC718162}.Debug|Any CPU.Build.0 = Debug|Any CPU
		{0B984069-6BA4-42DE-ABC0-FD77BC718162}.Release|Any CPU.ActiveCfg = Release|Any CPU
		{0B984069-6BA4-42DE-ABC0-FD77BC718162}.Release|Any CPU.Build.0 = Release|Any CPU
		{31266866-D245-4548-8005-14AB43C6B1EF}.Debug|Any CPU.ActiveCfg = Debug|Any CPU
		{31266866-D245-4548-8005-14AB43C6B1EF}.Debug|Any CPU.Build.0 = Debug|Any CPU
		{31266866-D245-4548-8005-14AB43C6B1EF}.Release|Any CPU.ActiveCfg = Release|Any CPU
		{31266866-D245-4548-8005-14AB43C6B1EF}.Release|Any CPU.Build.0 = Release|Any CPU
		{0B3ABDB1-8F1D-4ECD-B987-29B3E1393EA5}.Debug|Any CPU.ActiveCfg = Debug|Any CPU
		{0B3ABDB1-8F1D-4ECD-B987-29B3E1393EA5}.Debug|Any CPU.Build.0 = Debug|Any CPU
		{0B3ABDB1-8F1D-4ECD-B987-29B3E1393EA5}.Release|Any CPU.ActiveCfg = Release|Any CPU
		{0B3ABDB1-8F1D-4ECD-B987-29B3E1393EA5}.Release|Any CPU.Build.0 = Release|Any CPU
		{1B22E686-E302-432B-BCC9-28F7CACCBA3D}.Debug|Any CPU.ActiveCfg = Debug|Any CPU
		{1B22E686-E302-432B-BCC9-28F7CACCBA3D}.Debug|Any CPU.Build.0 = Debug|Any CPU
		{1B22E686-E302-432B-BCC9-28F7CACCBA3D}.Release|Any CPU.ActiveCfg = Release|Any CPU
		{1B22E686-E302-432B-BCC9-28F7CACCBA3D}.Release|Any CPU.Build.0 = Release|Any CPU
		{F0DC843D-22C5-422D-A331-9E7ABBF87D61}.Debug|Any CPU.ActiveCfg = Debug|Any CPU
		{F0DC843D-22C5-422D-A331-9E7ABBF87D61}.Debug|Any CPU.Build.0 = Debug|Any CPU
		{F0DC843D-22C5-422D-A331-9E7ABBF87D61}.Release|Any CPU.ActiveCfg = Release|Any CPU
		{F0DC843D-22C5-422D-A331-9E7ABBF87D61}.Release|Any CPU.Build.0 = Release|Any CPU
		{AF712DFF-F874-40D9-A13D-ABD20154C92E}.Debug|Any CPU.ActiveCfg = Debug|Any CPU
		{AF712DFF-F874-40D9-A13D-ABD20154C92E}.Debug|Any CPU.Build.0 = Debug|Any CPU
		{AF712DFF-F874-40D9-A13D-ABD20154C92E}.Release|Any CPU.ActiveCfg = Release|Any CPU
		{AF712DFF-F874-40D9-A13D-ABD20154C92E}.Release|Any CPU.Build.0 = Release|Any CPU
		{DCF92993-ECD4-4F0A-8970-DE4589188D1C}.Debug|Any CPU.ActiveCfg = Debug|Any CPU
		{DCF92993-ECD4-4F0A-8970-DE4589188D1C}.Debug|Any CPU.Build.0 = Debug|Any CPU
		{DCF92993-ECD4-4F0A-8970-DE4589188D1C}.Release|Any CPU.ActiveCfg = Release|Any CPU
		{DCF92993-ECD4-4F0A-8970-DE4589188D1C}.Release|Any CPU.Build.0 = Release|Any CPU
		{BF356688-F3BC-493A-9B8C-C32F39B706E9}.Debug|Any CPU.ActiveCfg = Debug|Any CPU
		{BF356688-F3BC-493A-9B8C-C32F39B706E9}.Debug|Any CPU.Build.0 = Debug|Any CPU
		{BF356688-F3BC-493A-9B8C-C32F39B706E9}.Release|Any CPU.ActiveCfg = Release|Any CPU
		{BF356688-F3BC-493A-9B8C-C32F39B706E9}.Release|Any CPU.Build.0 = Release|Any CPU
		{D9C0F525-77B4-41DB-BA28-B54D14C1ECFE}.Debug|Any CPU.ActiveCfg = Debug|Any CPU
		{D9C0F525-77B4-41DB-BA28-B54D14C1ECFE}.Debug|Any CPU.Build.0 = Debug|Any CPU
		{D9C0F525-77B4-41DB-BA28-B54D14C1ECFE}.Release|Any CPU.ActiveCfg = Release|Any CPU
		{D9C0F525-77B4-41DB-BA28-B54D14C1ECFE}.Release|Any CPU.Build.0 = Release|Any CPU
		{88747B0D-4BBC-4E85-BE0F-D0882E39E1D3}.Debug|Any CPU.ActiveCfg = Debug|Any CPU
		{88747B0D-4BBC-4E85-BE0F-D0882E39E1D3}.Debug|Any CPU.Build.0 = Debug|Any CPU
		{88747B0D-4BBC-4E85-BE0F-D0882E39E1D3}.Release|Any CPU.ActiveCfg = Release|Any CPU
		{88747B0D-4BBC-4E85-BE0F-D0882E39E1D3}.Release|Any CPU.Build.0 = Release|Any CPU
		{3954073C-238D-4549-AB03-4B5D8E57F215}.Debug|Any CPU.ActiveCfg = Debug|Any CPU
		{3954073C-238D-4549-AB03-4B5D8E57F215}.Debug|Any CPU.Build.0 = Debug|Any CPU
		{3954073C-238D-4549-AB03-4B5D8E57F215}.Release|Any CPU.ActiveCfg = Release|Any CPU
		{3954073C-238D-4549-AB03-4B5D8E57F215}.Release|Any CPU.Build.0 = Release|Any CPU
		{A0429D4B-9B28-4D30-BCF9-C9C96D73CD8E}.Debug|Any CPU.ActiveCfg = Debug|Any CPU
		{A0429D4B-9B28-4D30-BCF9-C9C96D73CD8E}.Debug|Any CPU.Build.0 = Debug|Any CPU
		{A0429D4B-9B28-4D30-BCF9-C9C96D73CD8E}.Release|Any CPU.ActiveCfg = Release|Any CPU
		{A0429D4B-9B28-4D30-BCF9-C9C96D73CD8E}.Release|Any CPU.Build.0 = Release|Any CPU
	EndGlobalSection
	GlobalSection(SolutionProperties) = preSolution
		HideSolutionNode = FALSE
	EndGlobalSection
	GlobalSection(ExtensibilityGlobals) = postSolution
		SolutionGuid = {F02E71F8-5AA2-4970-9DB6-19A374ADE332}
	EndGlobalSection
EndGlobal
